
Microsoft Visual Studio Solution File, Format Version 12.00
# Visual Studio Version 16
VisualStudioVersion = 16.0.28803.452
MinimumVisualStudioVersion = 10.0.40219.1
Project("{FAE04EC0-301F-11D3-BF4B-00C04F79EFBC}") = "MyMusic.Api", "MyMusic.Api\MyMusic.Api.csproj", "{BB08E7FD-D540-4DD3-81A2-D3F34FEA1EDE}"
EndProject
Project("{FAE04EC0-301F-11D3-BF4B-00C04F79EFBC}") = "MyMusic.Core", "MyMusic.Core\MyMusic.Core.csproj", "{064B25F9-63B7-4599-8F07-0983ABD21829}"
EndProject
Project("{FAE04EC0-301F-11D3-BF4B-00C04F79EFBC}") = "MyMusic.Service", "MyMusic.Service\MyMusic.Service.csproj", "{E8D5F85F-F5C8-4662-807C-80F1D0694449}"
EndProject
Project("{FAE04EC0-301F-11D3-BF4B-00C04F79EFBC}") = "MyMusic.Data", "MyMusic.Data\MyMusic.Data.csproj", "{616BA9FE-D0A2-4E9A-918F-E8BAC5080CC7}"
EndProject
Global
	GlobalSection(SolutionConfigurationPlatforms) = preSolution
		Debug|Any CPU = Debug|Any CPU
		Release|Any CPU = Release|Any CPU
	EndGlobalSection
	GlobalSection(ProjectConfigurationPlatforms) = postSolution
		{BB08E7FD-D540-4DD3-81A2-D3F34FEA1EDE}.Debug|Any CPU.ActiveCfg = Debug|Any CPU
		{BB08E7FD-D540-4DD3-81A2-D3F34FEA1EDE}.Debug|Any CPU.Build.0 = Debug|Any CPU
		{BB08E7FD-D540-4DD3-81A2-D3F34FEA1EDE}.Release|Any CPU.ActiveCfg = Release|Any CPU
		{BB08E7FD-D540-4DD3-81A2-D3F34FEA1EDE}.Release|Any CPU.Build.0 = Release|Any CPU
		{064B25F9-63B7-4599-8F07-0983ABD21829}.Debug|Any CPU.ActiveCfg = Debug|Any CPU
		{064B25F9-63B7-4599-8F07-0983ABD21829}.Debug|Any CPU.Build.0 = Debug|Any CPU
		{064B25F9-63B7-4599-8F07-0983ABD21829}.Release|Any CPU.ActiveCfg = Release|Any CPU
		{064B25F9-63B7-4599-8F07-0983ABD21829}.Release|Any CPU.Build.0 = Release|Any CPU
		{E8D5F85F-F5C8-4662-807C-80F1D0694449}.Debug|Any CPU.ActiveCfg = Debug|Any CPU
		{E8D5F85F-F5C8-4662-807C-80F1D0694449}.Debug|Any CPU.Build.0 = Debug|Any CPU
		{E8D5F85F-F5C8-4662-807C-80F1D0694449}.Release|Any CPU.ActiveCfg = Release|Any CPU
		{E8D5F85F-F5C8-4662-807C-80F1D0694449}.Release|Any CPU.Build.0 = Release|Any CPU
		{616BA9FE-D0A2-4E9A-918F-E8BAC5080CC7}.Debug|Any CPU.ActiveCfg = Debug|Any CPU
		{616BA9FE-D0A2-4E9A-918F-E8BAC5080CC7}.Debug|Any CPU.Build.0 = Debug|Any CPU
		{616BA9FE-D0A2-4E9A-918F-E8BAC5080CC7}.Release|Any CPU.ActiveCfg = Release|Any CPU
		{616BA9FE-D0A2-4E9A-918F-E8BAC5080CC7}.Release|Any CPU.Build.0 = Release|Any CPU
	EndGlobalSection
	GlobalSection(SolutionProperties) = preSolution
		HideSolutionNode = FALSE
	EndGlobalSection
	GlobalSection(ExtensibilityGlobals) = postSolution
		SolutionGuid = {596F9932-19C9-4F37-A1B0-8509BCA18402}
	EndGlobalSection
EndGlobal
